
Microsoft Visual Studio Solution File, Format Version 11.00
# Visual Studio 2010
Project("{8BC9CEB8-8B4A-11D0-8D11-00A0C91BC942}") = "MusicString", "MusicString\MusicString.vcxproj", "{253734F5-C442-4887-9EAC-1637FA904EB2}"
EndProject
Project("{8BC9CEB8-8B4A-11D0-8D11-00A0C91BC942}") = "MusicStringCompiler", "MusicStringCompiler\MusicStringCompiler.vcxproj", "{419F3556-A8B2-4DAD-9137-07BB4E253D30}"
EndProject
Project("{8BC9CEB8-8B4A-11D0-8D11-00A0C91BC942}") = "Visual MusicString", "Visual MusicString\Visual MusicString.vcxproj", "{684581F4-1617-43E3-A59F-1CB6FF242D26}"
EndProject
Global
	GlobalSection(SolutionConfigurationPlatforms) = preSolution
		Debug|Win32 = Debug|Win32
		Release|Win32 = Release|Win32
	EndGlobalSection
	GlobalSection(ProjectConfigurationPlatforms) = postSolution
		{253734F5-C442-4887-9EAC-1637FA904EB2}.Debug|Win32.ActiveCfg = Debug|Win32
		{253734F5-C442-4887-9EAC-1637FA904EB2}.Debug|Win32.Build.0 = Debug|Win32
		{253734F5-C442-4887-9EAC-1637FA904EB2}.Release|Win32.ActiveCfg = Release|Win32
		{253734F5-C442-4887-9EAC-1637FA904EB2}.Release|Win32.Build.0 = Release|Win32
		{419F3556-A8B2-4DAD-9137-07BB4E253D30}.Debug|Win32.ActiveCfg = Debug|Win32
		{419F3556-A8B2-4DAD-9137-07BB4E253D30}.Debug|Win32.Build.0 = Debug|Win32
		{419F3556-A8B2-4DAD-9137-07BB4E253D30}.Release|Win32.ActiveCfg = Release|Win32
		{419F3556-A8B2-4DAD-9137-07BB4E253D30}.Release|Win32.Build.0 = Release|Win32
		{684581F4-1617-43E3-A59F-1CB6FF242D26}.Debug|Win32.ActiveCfg = Debug|Win32
		{684581F4-1617-43E3-A59F-1CB6FF242D26}.Debug|Win32.Build.0 = Debug|Win32
		{684581F4-1617-43E3-A59F-1CB6FF242D26}.Release|Win32.ActiveCfg = Release|Win32
		{684581F4-1617-43E3-A59F-1CB6FF242D26}.Release|Win32.Build.0 = Release|Win32
	EndGlobalSection
	GlobalSection(SolutionProperties) = preSolution
		HideSolutionNode = FALSE
	EndGlobalSection
EndGlobal
