
Microsoft Visual Studio Solution File, Format Version 11.00
# Visual Studio 2010
Project("{8BC9CEB8-8B4A-11D0-8D11-00A0C91BC942}") = "MusicString", "MusicString\MusicString.vcxproj", "{253734F5-C442-4887-9EAC-1637FA904EB2}"
EndProject
Project("{8BC9CEB8-8B4A-11D0-8D11-00A0C91BC942}") = "MusicStringCompiler", "MusicStringCompiler\MusicStringCompiler.vcxproj", "{419F3556-A8B2-4DAD-9137-07BB4E253D30}"
EndProject
Project("{8BC9CEB8-8B4A-11D0-8D11-00A0C91BC942}") = "Visual MusicString", "Visual MusicString\Visual MusicString.vcxproj", "{684581F4-1617-43E3-A59F-1CB6FF242D26}"
EndProject
Project("{8BC9CEB8-8B4A-11D0-8D11-00A0C91BC942}") = "MusicStringDLL", "MusicStringDLL\MusicStringDLL.vcxproj", "{E0099147-55F3-49B6-8B69-C50BE2E2C283}"
EndProject
Project("{8BC9CEB8-8B4A-11D0-8D11-00A0C91BC942}") = "Workbench", "Workbench\Workbench.vcxproj", "{E238EBBF-F957-497A-8EEA-3B86A375BDC8}"
EndProject
Project("{8BC9CEB8-8B4A-11D0-8D11-00A0C91BC942}") = "MusicStringGMDLL", "MusicStringGMDLL\MusicStringGMDLL.vcxproj", "{85C3DAE1-A942-4949-AFC4-C3EB38EDD79F}"
EndProject
Global
	GlobalSection(SolutionConfigurationPlatforms) = preSolution
		Debug|Win32 = Debug|Win32
		Release|Win32 = Release|Win32
	EndGlobalSection
	GlobalSection(ProjectConfigurationPlatforms) = postSolution
		{253734F5-C442-4887-9EAC-1637FA904EB2}.Debug|Win32.ActiveCfg = Debug|Win32
		{253734F5-C442-4887-9EAC-1637FA904EB2}.Debug|Win32.Build.0 = Debug|Win32
		{253734F5-C442-4887-9EAC-1637FA904EB2}.Release|Win32.ActiveCfg = Release|Win32
		{253734F5-C442-4887-9EAC-1637FA904EB2}.Release|Win32.Build.0 = Release|Win32
		{419F3556-A8B2-4DAD-9137-07BB4E253D30}.Debug|Win32.ActiveCfg = Debug|Win32
		{419F3556-A8B2-4DAD-9137-07BB4E253D30}.Debug|Win32.Build.0 = Debug|Win32
		{419F3556-A8B2-4DAD-9137-07BB4E253D30}.Release|Win32.ActiveCfg = Release|Win32
		{419F3556-A8B2-4DAD-9137-07BB4E253D30}.Release|Win32.Build.0 = Release|Win32
		{684581F4-1617-43E3-A59F-1CB6FF242D26}.Debug|Win32.ActiveCfg = Debug|Win32
		{684581F4-1617-43E3-A59F-1CB6FF242D26}.Debug|Win32.Build.0 = Debug|Win32
		{684581F4-1617-43E3-A59F-1CB6FF242D26}.Release|Win32.ActiveCfg = Release|Win32
		{684581F4-1617-43E3-A59F-1CB6FF242D26}.Release|Win32.Build.0 = Release|Win32
		{E0099147-55F3-49B6-8B69-C50BE2E2C283}.Debug|Win32.ActiveCfg = Debug|Win32
		{E0099147-55F3-49B6-8B69-C50BE2E2C283}.Debug|Win32.Build.0 = Debug|Win32
		{E0099147-55F3-49B6-8B69-C50BE2E2C283}.Release|Win32.ActiveCfg = Release|Win32
		{E0099147-55F3-49B6-8B69-C50BE2E2C283}.Release|Win32.Build.0 = Release|Win32
		{E238EBBF-F957-497A-8EEA-3B86A375BDC8}.Debug|Win32.ActiveCfg = Debug|Win32
		{E238EBBF-F957-497A-8EEA-3B86A375BDC8}.Debug|Win32.Build.0 = Debug|Win32
		{E238EBBF-F957-497A-8EEA-3B86A375BDC8}.Release|Win32.ActiveCfg = Release|Win32
		{E238EBBF-F957-497A-8EEA-3B86A375BDC8}.Release|Win32.Build.0 = Release|Win32
		{85C3DAE1-A942-4949-AFC4-C3EB38EDD79F}.Debug|Win32.ActiveCfg = Debug|Win32
		{85C3DAE1-A942-4949-AFC4-C3EB38EDD79F}.Debug|Win32.Build.0 = Debug|Win32
		{85C3DAE1-A942-4949-AFC4-C3EB38EDD79F}.Release|Win32.ActiveCfg = Release|Win32
		{85C3DAE1-A942-4949-AFC4-C3EB38EDD79F}.Release|Win32.Build.0 = Release|Win32
	EndGlobalSection
	GlobalSection(SolutionProperties) = preSolution
		HideSolutionNode = FALSE
	EndGlobalSection
EndGlobal
